
Microsoft Visual Studio Solution File, Format Version 11.00
# Visual C# Express 2010
Project("{FAE04EC0-301F-11D3-BF4B-00C04F79EFBC}") = "KpoLab.Main", "KpoLab\KpoLab.Main.csproj", "{67ECBB19-408E-43E1-A5F8-69D7E3F90499}"
EndProject
Project("{FAE04EC0-301F-11D3-BF4B-00C04F79EFBC}") = "KpoLab.Lib", "KpoLab.Lib\KpoLab.Lib.csproj", "{FAF1A2BB-FD66-4C8C-AA06-403A9FB63718}"
EndProject
Project("{FAE04EC0-301F-11D3-BF4B-00C04F79EFBC}") = "KpoLab.UnitTests", "KpoLab.UnitTests\KpoLab.UnitTests.csproj", "{34D55EFE-5DE7-4755-A123-37D2FDB45F4B}"
EndProject
Global
	GlobalSection(SolutionConfigurationPlatforms) = preSolution
		Debug|Any CPU = Debug|Any CPU
		Debug|Mixed Platforms = Debug|Mixed Platforms
		Debug|x86 = Debug|x86
		Release|Any CPU = Release|Any CPU
		Release|Mixed Platforms = Release|Mixed Platforms
		Release|x86 = Release|x86
	EndGlobalSection
	GlobalSection(ProjectConfigurationPlatforms) = postSolution
		{67ECBB19-408E-43E1-A5F8-69D7E3F90499}.Debug|Any CPU.ActiveCfg = Debug|x86
		{67ECBB19-408E-43E1-A5F8-69D7E3F90499}.Debug|Mixed Platforms.ActiveCfg = Debug|x86
		{67ECBB19-408E-43E1-A5F8-69D7E3F90499}.Debug|Mixed Platforms.Build.0 = Debug|x86
		{67ECBB19-408E-43E1-A5F8-69D7E3F90499}.Debug|x86.ActiveCfg = Debug|x86
		{67ECBB19-408E-43E1-A5F8-69D7E3F90499}.Debug|x86.Build.0 = Debug|x86
		{67ECBB19-408E-43E1-A5F8-69D7E3F90499}.Release|Any CPU.ActiveCfg = Release|x86
		{67ECBB19-408E-43E1-A5F8-69D7E3F90499}.Release|Mixed Platforms.ActiveCfg = Release|x86
		{67ECBB19-408E-43E1-A5F8-69D7E3F90499}.Release|Mixed Platforms.Build.0 = Release|x86
		{67ECBB19-408E-43E1-A5F8-69D7E3F90499}.Release|x86.ActiveCfg = Release|x86
		{67ECBB19-408E-43E1-A5F8-69D7E3F90499}.Release|x86.Build.0 = Release|x86
		{FAF1A2BB-FD66-4C8C-AA06-403A9FB63718}.Debug|Any CPU.ActiveCfg = Debug|Any CPU
		{FAF1A2BB-FD66-4C8C-AA06-403A9FB63718}.Debug|Any CPU.Build.0 = Debug|Any CPU
		{FAF1A2BB-FD66-4C8C-AA06-403A9FB63718}.Debug|Mixed Platforms.ActiveCfg = Debug|Any CPU
		{FAF1A2BB-FD66-4C8C-AA06-403A9FB63718}.Debug|Mixed Platforms.Build.0 = Debug|Any CPU
		{FAF1A2BB-FD66-4C8C-AA06-403A9FB63718}.Debug|x86.ActiveCfg = Debug|Any CPU
		{FAF1A2BB-FD66-4C8C-AA06-403A9FB63718}.Release|Any CPU.ActiveCfg = Release|Any CPU
		{FAF1A2BB-FD66-4C8C-AA06-403A9FB63718}.Release|Any CPU.Build.0 = Release|Any CPU
		{FAF1A2BB-FD66-4C8C-AA06-403A9FB63718}.Release|Mixed Platforms.ActiveCfg = Release|Any CPU
		{FAF1A2BB-FD66-4C8C-AA06-403A9FB63718}.Release|Mixed Platforms.Build.0 = Release|Any CPU
		{FAF1A2BB-FD66-4C8C-AA06-403A9FB63718}.Release|x86.ActiveCfg = Release|Any CPU
		{34D55EFE-5DE7-4755-A123-37D2FDB45F4B}.Debug|Any CPU.ActiveCfg = Debug|x86
		{34D55EFE-5DE7-4755-A123-37D2FDB45F4B}.Debug|Mixed Platforms.ActiveCfg = Debug|x86
		{34D55EFE-5DE7-4755-A123-37D2FDB45F4B}.Debug|Mixed Platforms.Build.0 = Debug|x86
		{34D55EFE-5DE7-4755-A123-37D2FDB45F4B}.Debug|x86.ActiveCfg = Debug|x86
		{34D55EFE-5DE7-4755-A123-37D2FDB45F4B}.Debug|x86.Build.0 = Debug|x86
		{34D55EFE-5DE7-4755-A123-37D2FDB45F4B}.Release|Any CPU.ActiveCfg = Release|x86
		{34D55EFE-5DE7-4755-A123-37D2FDB45F4B}.Release|Mixed Platforms.ActiveCfg = Release|x86
		{34D55EFE-5DE7-4755-A123-37D2FDB45F4B}.Release|Mixed Platforms.Build.0 = Release|x86
		{34D55EFE-5DE7-4755-A123-37D2FDB45F4B}.Release|x86.ActiveCfg = Release|x86
		{34D55EFE-5DE7-4755-A123-37D2FDB45F4B}.Release|x86.Build.0 = Release|x86
	EndGlobalSection
	GlobalSection(SolutionProperties) = preSolution
		HideSolutionNode = FALSE
	EndGlobalSection
EndGlobal
